
Microsoft Visual Studio Solution File, Format Version 12.00
# Visual Studio Version 17
VisualStudioVersion = 17.1.32328.378
MinimumVisualStudioVersion = 10.0.40219.1
Project("{FAE04EC0-301F-11D3-BF4B-00C04F79EFBC}") = "EKart.API", "EKart.API\EKart.API.csproj", "{31DA3471-000E-48C0-9881-0DAE1FB712E2}"
EndProject
Project("{2150E333-8FDC-42A3-9474-1A3956D46DE8}") = "src", "src", "{2063D8A3-5B70-4B73-8B2C-327F094753E4}"
EndProject
Project("{FAE04EC0-301F-11D3-BF4B-00C04F79EFBC}") = "EKart.Core", "EKart.Core\EKart.Core.csproj", "{0FFEBD37-3F35-4756-8812-744683D7FEE5}"
EndProject
Project("{FAE04EC0-301F-11D3-BF4B-00C04F79EFBC}") = "EKart.Infrastructure", "EKart.Infrastructure\EKart.Infrastructure.csproj", "{0F3994AB-56E8-40E5-998D-3A384F4F28C4}"
EndProject
Project("{FAE04EC0-301F-11D3-BF4B-00C04F79EFBC}") = "EKart.SharedKernel", "EKart.SharedKernel\EKart.SharedKernel.csproj", "{02514FB1-6C86-4652-9B01-037073DAD037}"
EndProject
Project("{2150E333-8FDC-42A3-9474-1A3956D46DE8}") = "tests", "tests", "{59B876E1-64FD-4BFB-B056-58060CDB412E}"
EndProject
Project("{FAE04EC0-301F-11D3-BF4B-00C04F79EFBC}") = "EKart.UnitTests", "EKart.UnitTests\EKart.UnitTests.csproj", "{19961E3A-8526-4DC2-8B22-155CBC0F8E07}"
EndProject
Global
	GlobalSection(SolutionConfigurationPlatforms) = preSolution
		Debug|Any CPU = Debug|Any CPU
		Release|Any CPU = Release|Any CPU
	EndGlobalSection
	GlobalSection(ProjectConfigurationPlatforms) = postSolution
		{31DA3471-000E-48C0-9881-0DAE1FB712E2}.Debug|Any CPU.ActiveCfg = Debug|Any CPU
		{31DA3471-000E-48C0-9881-0DAE1FB712E2}.Debug|Any CPU.Build.0 = Debug|Any CPU
		{31DA3471-000E-48C0-9881-0DAE1FB712E2}.Release|Any CPU.ActiveCfg = Release|Any CPU
		{31DA3471-000E-48C0-9881-0DAE1FB712E2}.Release|Any CPU.Build.0 = Release|Any CPU
		{0FFEBD37-3F35-4756-8812-744683D7FEE5}.Debug|Any CPU.ActiveCfg = Debug|Any CPU
		{0FFEBD37-3F35-4756-8812-744683D7FEE5}.Debug|Any CPU.Build.0 = Debug|Any CPU
		{0FFEBD37-3F35-4756-8812-744683D7FEE5}.Release|Any CPU.ActiveCfg = Release|Any CPU
		{0FFEBD37-3F35-4756-8812-744683D7FEE5}.Release|Any CPU.Build.0 = Release|Any CPU
		{0F3994AB-56E8-40E5-998D-3A384F4F28C4}.Debug|Any CPU.ActiveCfg = Debug|Any CPU
		{0F3994AB-56E8-40E5-998D-3A384F4F28C4}.Debug|Any CPU.Build.0 = Debug|Any CPU
		{0F3994AB-56E8-40E5-998D-3A384F4F28C4}.Release|Any CPU.ActiveCfg = Release|Any CPU
		{0F3994AB-56E8-40E5-998D-3A384F4F28C4}.Release|Any CPU.Build.0 = Release|Any CPU
		{02514FB1-6C86-4652-9B01-037073DAD037}.Debug|Any CPU.ActiveCfg = Debug|Any CPU
		{02514FB1-6C86-4652-9B01-037073DAD037}.Debug|Any CPU.Build.0 = Debug|Any CPU
		{02514FB1-6C86-4652-9B01-037073DAD037}.Release|Any CPU.ActiveCfg = Release|Any CPU
		{02514FB1-6C86-4652-9B01-037073DAD037}.Release|Any CPU.Build.0 = Release|Any CPU
		{19961E3A-8526-4DC2-8B22-155CBC0F8E07}.Debug|Any CPU.ActiveCfg = Debug|Any CPU
		{19961E3A-8526-4DC2-8B22-155CBC0F8E07}.Debug|Any CPU.Build.0 = Debug|Any CPU
		{19961E3A-8526-4DC2-8B22-155CBC0F8E07}.Release|Any CPU.ActiveCfg = Release|Any CPU
		{19961E3A-8526-4DC2-8B22-155CBC0F8E07}.Release|Any CPU.Build.0 = Release|Any CPU
	EndGlobalSection
	GlobalSection(SolutionProperties) = preSolution
		HideSolutionNode = FALSE
	EndGlobalSection
	GlobalSection(NestedProjects) = preSolution
		{31DA3471-000E-48C0-9881-0DAE1FB712E2} = {2063D8A3-5B70-4B73-8B2C-327F094753E4}
		{0FFEBD37-3F35-4756-8812-744683D7FEE5} = {2063D8A3-5B70-4B73-8B2C-327F094753E4}
		{0F3994AB-56E8-40E5-998D-3A384F4F28C4} = {2063D8A3-5B70-4B73-8B2C-327F094753E4}
		{02514FB1-6C86-4652-9B01-037073DAD037} = {2063D8A3-5B70-4B73-8B2C-327F094753E4}
		{19961E3A-8526-4DC2-8B22-155CBC0F8E07} = {59B876E1-64FD-4BFB-B056-58060CDB412E}
	EndGlobalSection
	GlobalSection(ExtensibilityGlobals) = postSolution
		SolutionGuid = {92BECCE5-C6D4-47FE-AD70-167307BAB9F9}
	EndGlobalSection
EndGlobal
